
Microsoft Visual Studio Solution File, Format Version 12.00
# Visual Studio 15
VisualStudioVersion = 15.0.28307.168
MinimumVisualStudioVersion = 10.0.40219.1
Project("{FAE04EC0-301F-11D3-BF4B-00C04F79EFBC}") = "PurchaseIt", "PurchaseIt\PurchaseIt.csproj", "{EBE3CEEA-255A-4FF9-85DE-A8456BD6C05A}"
EndProject
Global
	GlobalSection(SolutionConfigurationPlatforms) = preSolution
		Debug|Any CPU = Debug|Any CPU
		Release|Any CPU = Release|Any CPU
	EndGlobalSection
	GlobalSection(ProjectConfigurationPlatforms) = postSolution
		{EBE3CEEA-255A-4FF9-85DE-A8456BD6C05A}.Debug|Any CPU.ActiveCfg = Debug|Any CPU
		{EBE3CEEA-255A-4FF9-85DE-A8456BD6C05A}.Debug|Any CPU.Build.0 = Debug|Any CPU
		{EBE3CEEA-255A-4FF9-85DE-A8456BD6C05A}.Release|Any CPU.ActiveCfg = Release|Any CPU
		{EBE3CEEA-255A-4FF9-85DE-A8456BD6C05A}.Release|Any CPU.Build.0 = Release|Any CPU
	EndGlobalSection
	GlobalSection(SolutionProperties) = preSolution
		HideSolutionNode = FALSE
	EndGlobalSection
	GlobalSection(ExtensibilityGlobals) = postSolution
		SolutionGuid = {339C8927-F22B-4105-8CB2-7FFC3C60AD45}
	EndGlobalSection
EndGlobal
